# THIS IS AN AUTOGENERATED FILE. DO NOT EDIT THIS FILE DIRECTLY.
# yarn lockfile v1


"@types/atob@^2.1.2":
  version "2.1.2"
  resolved "https://registry.yarnpkg.com/@types/atob/-/atob-2.1.2.tgz#157eb0cc46264a8c55f2273a836c7a1a644fb820"
  integrity sha512-8GAYQ1jDRUQkSpHzJUqXwAkYFOxuWAOGLhIR4aPd/Y/yL12Q/9m7LsKpHKlfKdNE/362Hc9wPI1Yh6opDfxVJg==

"@types/esrever@^0.2.0":
  version "0.2.0"
  resolved "https://registry.yarnpkg.com/@types/esrever/-/esrever-0.2.0.tgz#96404a2284b2c7527f08a1e957f8a31705f9880f"
  integrity sha512-5NI6TeGzVEy/iBcuYtcPzzIC6EqlfQ2+UZ54vT0ulq8bPNGAy8UJD+XcsAyEOcnYFUjOVWuUV+k4/rVkxt9/XQ==

"@voiceflow/api-sdk@^1.39.0":
  version "1.39.0"
  resolved "https://registry.yarnpkg.com/@voiceflow/api-sdk/-/api-sdk-1.39.0.tgz#5f9cf5f54d53f7b2ac362a79a7a29c498ad54729"
  integrity sha512-rJERsN+FP1e80m44mtwpe3KwAVO1k5Co+WpCicUFNpC198XXaCeec+Qn7IVp0CHiIGPJEWifyrv6nT3PGofYmQ==
  dependencies:
    "@types/atob" "^2.1.2"
    atob "^2.1.2"
    axios "^0.21.1"
    superstruct "^0.10.12"

"@voiceflow/base-types@^1.6.2":
  version "1.6.2"
  resolved "https://registry.yarnpkg.com/@voiceflow/base-types/-/base-types-1.6.2.tgz#193c5a86b05f1c3eab23c8ff0bd0ce95fcf8f6e2"
  integrity sha512-NQ3wNQ5K0NpYKY+dBteePjHKSilnsmxrApcyte33Jb27dCnEMq4CqjYw+RVpW/FymC73V6hVGZ6eO8zRDsFeGQ==
  dependencies:
    "@voiceflow/api-sdk" "^1.39.0"
    slate "^0.63.0"

"@voiceflow/common@6.5.0":
  version "6.5.0"
  resolved "https://registry.yarnpkg.com/@voiceflow/common/-/common-6.5.0.tgz#68659641bf7e868b4594a640d63072f573b62f1e"
  integrity sha512-6czuZhUs3dGT/5IWI2ejTf/y69BmzG3/PCS0o1YoE0wxGxXPpfBUdelK9ZKCVgk6s89WnuDKYLKmgNWpln2dkw==

"@voiceflow/general-types@^1.55.16":
  version "1.55.16"
  resolved "https://registry.yarnpkg.com/@voiceflow/general-types/-/general-types-1.55.16.tgz#c7a8ad206146681fd0a891a36161d755f478fe00"
  integrity sha512-+niCPrTmcrYZ1KNsmK7TtOpsEOK2WT6vTg0FiMscugYrJiAEaft2dLjOKo2YgjvK8ZEiIGOIefTJWFvl4hb7Wg==
  dependencies:
    "@voiceflow/api-sdk" "^1.39.0"
    "@voiceflow/base-types" "^1.6.2"
    "@voiceflow/voice-types" "^1.4.13"

"@voiceflow/voice-types@^1.4.13":
  version "1.4.13"
  resolved "https://registry.yarnpkg.com/@voiceflow/voice-types/-/voice-types-1.4.13.tgz#5a1e77d5f9c0911f979f4640bfc85c118075a2fb"
  integrity sha512-pQJyxbEhoGJUdhQ8IR2yzaqV01TOIutMUr+sAa5VJru15I3v7INLwSAVJ7/qELr44h9mxrCrwpoGs+fuGS3MYw==
  dependencies:
    "@voiceflow/api-sdk" "^1.39.0"
    "@voiceflow/base-types" "^1.6.2"

ask-sdk-model-runtime@^1.1.0:
  version "1.3.0"
  resolved "https://registry.yarnpkg.com/ask-sdk-model-runtime/-/ask-sdk-model-runtime-1.3.0.tgz#3271b4456ad7dfd1392b920117767c993449046b"
  integrity sha512-vDKuzqYNF6iogl66PDHUxaias8CGxDWL3h5JcZ3vk414EcHOTHRLmggbSkt6AH6VFBHXwcR2fX0OOGdWXyARUg==

ask-smapi-model@1.14.0:
  version "1.14.0"
  resolved "https://registry.yarnpkg.com/ask-smapi-model/-/ask-smapi-model-1.14.0.tgz#1076b92eef9fa08a8d29b7c24b0e0063ba809b02"
  integrity sha512-HnmHZy7YY3Bdcwr+pkVKV7x91WckQCf7Q4zQuIG/b2m3MXqwRm6b83OmnirFtvc25u2YlfaEvM7Zy3aiQAyWOw==
  dependencies:
    ask-sdk-model-runtime "^1.1.0"

atob@^2.1.2:
  version "2.1.2"
  resolved "https://registry.yarnpkg.com/atob/-/atob-2.1.2.tgz#6d9517eb9e030d2436666651e86bd9f6f13533c9"
  integrity sha512-Wm6ukoaOGJi/73p/cl2GvLjTI5JM1k/O14isD73YML8StrH/7/lRFgmg8nICZgD3bZZvjwCGxtMOD3wWNAu8cg==

axios@^0.21.1:
  version "0.21.4"
  resolved "https://registry.yarnpkg.com/axios/-/axios-0.21.4.tgz#c67b90dc0568e5c1cf2b0b858c43ba28e2eda575"
  integrity sha512-ut5vewkiu8jjGBdqpM44XxjuCjq9LAKeHVmoVfHVzy8eHgxxq8SbAVQNovDA8mVi05kP0Ea/n/UzcSHcTJQfNg==
  dependencies:
    follow-redirects "^1.14.0"

esrever@^0.2.0:
  version "0.2.0"
  resolved "https://registry.yarnpkg.com/esrever/-/esrever-0.2.0.tgz#96e9d28f4f1b1a76784cd5d490eaae010e7407b8"
  integrity sha1-lunSj08bGnZ4TNXUkOquAQ50B7g=

fast-deep-equal@^3.1.3:
  version "3.1.3"
  resolved "https://registry.yarnpkg.com/fast-deep-equal/-/fast-deep-equal-3.1.3.tgz#3a7d56b559d6cbc3eb512325244e619a65c6c525"
  integrity sha512-f3qQ9oQy9j2AhBe/H9VC91wLmKBCCU/gDOnKNAYG5hswO7BLKj09Hc5HYNz9cGI++xlpDCIgDaitVs03ATR84Q==

follow-redirects@^1.14.0:
  version "1.14.4"
  resolved "https://registry.yarnpkg.com/follow-redirects/-/follow-redirects-1.14.4.tgz#838fdf48a8bbdd79e52ee51fb1c94e3ed98b9379"
  integrity sha512-zwGkiSXC1MUJG/qmeIFH2HBJx9u0V46QGUe3YR1fXG8bXQxq7fLj0RjLZQ5nubr9qNJUZrH+xUcwXEoXNpfS+g==

immer@^8.0.1:
  version "8.0.4"
  resolved "https://registry.yarnpkg.com/immer/-/immer-8.0.4.tgz#3a21605a4e2dded852fb2afd208ad50969737b7a"
  integrity sha512-jMfL18P+/6P6epANRvRk6q8t+3gGhqsJ9EuJ25AXE+9bNTYtssvzeYbEd0mXRYWCmmXSIbnlpz6vd6iJlmGGGQ==

is-plain-object@^3.0.0:
  version "3.0.1"
  resolved "https://registry.yarnpkg.com/is-plain-object/-/is-plain-object-3.0.1.tgz#662d92d24c0aa4302407b0d45d21f2251c85f85b"
  integrity sha512-Xnpx182SBMrr/aBik8y+GuR4U1L9FqMSojwDQwPMmxyC6bvEqly9UBCxhauBF5vNh2gwWJNX6oDV7O+OM4z34g==

slate@^0.63.0:
  version "0.63.0"
  resolved "https://registry.yarnpkg.com/slate/-/slate-0.63.0.tgz#63a50c45a8971d350a3ebeef25e10cd9fa5c7726"
  integrity sha512-np24XIRsGbwVgKQR6DWLorTRQD7arUKiztCKsepBNiYtMxHqjR76i2nJA6pdGn6Vj9q88Afi9eYwCsfnzy2hBA==
  dependencies:
    "@types/esrever" "^0.2.0"
    esrever "^0.2.0"
    fast-deep-equal "^3.1.3"
    immer "^8.0.1"
    is-plain-object "^3.0.0"
    tiny-warning "^1.0.3"

superstruct@^0.10.12:
  version "0.10.13"
  resolved "https://registry.yarnpkg.com/superstruct/-/superstruct-0.10.13.tgz#705535a5598ff231bd976601a7b6b534a71a821b"
  integrity sha512-W4SitSZ9MOyMPbHreoZVEneSZyPEeNGbdfJo/7FkJyRs/M3wQRFzq+t3S/NBwlrFSWdx1ONLjLb9pB+UKe4IqQ==

tiny-warning@^1.0.3:
  version "1.0.3"
  resolved "https://registry.yarnpkg.com/tiny-warning/-/tiny-warning-1.0.3.tgz#94a30db453df4c643d0fd566060d60a875d84754"
  integrity sha512-lBN9zLN/oAf68o3zNXYrdCt1kP8WsiGW8Oo2ka41b2IM5JL/S1CTyX1rW0mb/zSuJun0ZUrDxx4sqvYS2FWzPA==
