# THIS IS AN AUTOGENERATED FILE. DO NOT EDIT THIS FILE DIRECTLY.
# yarn lockfile v1


"@types/atob@^2.1.2":
  version "2.1.2"
  resolved "https://registry.yarnpkg.com/@types/atob/-/atob-2.1.2.tgz#157eb0cc46264a8c55f2273a836c7a1a644fb820"
  integrity sha512-8GAYQ1jDRUQkSpHzJUqXwAkYFOxuWAOGLhIR4aPd/Y/yL12Q/9m7LsKpHKlfKdNE/362Hc9wPI1Yh6opDfxVJg==

"@voiceflow/api-sdk@^1.32.2":
  version "1.32.2"
  resolved "https://registry.yarnpkg.com/@voiceflow/api-sdk/-/api-sdk-1.32.2.tgz#902e6f5e8acdc9e9923032e4251e4349fca23c79"
  integrity sha512-rkS64apdEZgrfRLWzOfzWFjPPwo4jSOiplnRCvUkjvjlIUews3V9S01xUpIjnazIYGf8xdaMCsbuqkugoyuHhQ==
  dependencies:
    "@types/atob" "^2.1.2"
    atob "^2.1.2"
    axios "^0.21.1"
    superstruct "^0.10.12"

"@voiceflow/common@6.5.0":
  version "6.5.0"
  resolved "https://registry.yarnpkg.com/@voiceflow/common/-/common-6.5.0.tgz#68659641bf7e868b4594a640d63072f573b62f1e"
  integrity sha512-6czuZhUs3dGT/5IWI2ejTf/y69BmzG3/PCS0o1YoE0wxGxXPpfBUdelK9ZKCVgk6s89WnuDKYLKmgNWpln2dkw==

"@voiceflow/general-types@^1.50.1":
  version "1.50.1"
  resolved "https://registry.yarnpkg.com/@voiceflow/general-types/-/general-types-1.50.1.tgz#0fd1ca779c7a1c7c6509fa4721a2dfb63a1b60e2"
  integrity sha512-+RKGlL3iO/rav+ch0ip4gzlvVMSSBJhqagfL0w9h8OvWNIvKAf/2DZkurEAYmW2F5A44EbMz+xX+9sx51W+6PA==
  dependencies:
    "@voiceflow/api-sdk" "^1.32.2"

ask-sdk-model-runtime@^1.1.0:
  version "1.3.0"
  resolved "https://registry.yarnpkg.com/ask-sdk-model-runtime/-/ask-sdk-model-runtime-1.3.0.tgz#3271b4456ad7dfd1392b920117767c993449046b"
  integrity sha512-vDKuzqYNF6iogl66PDHUxaias8CGxDWL3h5JcZ3vk414EcHOTHRLmggbSkt6AH6VFBHXwcR2fX0OOGdWXyARUg==

ask-smapi-model@^1.11.0:
  version "1.11.0"
  resolved "https://registry.yarnpkg.com/ask-smapi-model/-/ask-smapi-model-1.11.0.tgz#4c5ad4785bb17e71fc997b846678a58d5a299e91"
  integrity sha512-AJGU5doCNuaAQYGL7mO0YdepvdfYy/rZajZN5LsSMWwn/2J5ZYHD5/wK50KUiSSXg3k5/dvu4mBw1woUeikDrA==
  dependencies:
    ask-sdk-model-runtime "^1.1.0"

atob@^2.1.2:
  version "2.1.2"
  resolved "https://registry.yarnpkg.com/atob/-/atob-2.1.2.tgz#6d9517eb9e030d2436666651e86bd9f6f13533c9"
  integrity sha512-Wm6ukoaOGJi/73p/cl2GvLjTI5JM1k/O14isD73YML8StrH/7/lRFgmg8nICZgD3bZZvjwCGxtMOD3wWNAu8cg==

axios@^0.21.1:
  version "0.21.1"
  resolved "https://registry.yarnpkg.com/axios/-/axios-0.21.1.tgz#22563481962f4d6bde9a76d516ef0e5d3c09b2b8"
  integrity sha512-dKQiRHxGD9PPRIUNIWvZhPTPpl1rf/OxTYKsqKUDjBwYylTvV7SjSHJb9ratfyzM6wCdLCOYLzs73qpg5c4iGA==
  dependencies:
    follow-redirects "^1.10.0"

follow-redirects@^1.10.0:
  version "1.13.3"
  resolved "https://registry.yarnpkg.com/follow-redirects/-/follow-redirects-1.13.3.tgz#e5598ad50174c1bc4e872301e82ac2cd97f90267"
  integrity sha512-DUgl6+HDzB0iEptNQEXLx/KhTmDb8tZUHSeLqpnjpknR70H0nC2t9N73BK6fN4hOvJ84pKlIQVQ4k5FFlBedKA==

superstruct@^0.10.12:
  version "0.10.13"
  resolved "https://registry.yarnpkg.com/superstruct/-/superstruct-0.10.13.tgz#705535a5598ff231bd976601a7b6b534a71a821b"
  integrity sha512-W4SitSZ9MOyMPbHreoZVEneSZyPEeNGbdfJo/7FkJyRs/M3wQRFzq+t3S/NBwlrFSWdx1ONLjLb9pB+UKe4IqQ==
